
Microsoft Visual Studio Solution File, Format Version 12.00
# Visual Studio Version 16
VisualStudioVersion = 16.0.30204.135
MinimumVisualStudioVersion = 10.0.40219.1
Project("{FAE04EC0-301F-11D3-BF4B-00C04F79EFBC}") = "WaterBottles", "WaterBottles\WaterBottles.csproj", "{D624E35D-25B6-421D-B145-7CF4921A610A}"
EndProject
Global
	GlobalSection(SolutionConfigurationPlatforms) = preSolution
		Debug|Any CPU = Debug|Any CPU
		Release|Any CPU = Release|Any CPU
	EndGlobalSection
	GlobalSection(ProjectConfigurationPlatforms) = postSolution
		{D624E35D-25B6-421D-B145-7CF4921A610A}.Debug|Any CPU.ActiveCfg = Debug|Any CPU
		{D624E35D-25B6-421D-B145-7CF4921A610A}.Debug|Any CPU.Build.0 = Debug|Any CPU
		{D624E35D-25B6-421D-B145-7CF4921A610A}.Release|Any CPU.ActiveCfg = Release|Any CPU
		{D624E35D-25B6-421D-B145-7CF4921A610A}.Release|Any CPU.Build.0 = Release|Any CPU
	EndGlobalSection
	GlobalSection(SolutionProperties) = preSolution
		HideSolutionNode = FALSE
	EndGlobalSection
	GlobalSection(ExtensibilityGlobals) = postSolution
		SolutionGuid = {7BAD5372-FD9E-449B-ACB1-DCF5E39BF750}
	EndGlobalSection
EndGlobal
